{
    "_meta": {
        "hash": {
            "sha256": "25f1bec2b04d54f263561e52c677258b621c283e3c20c824ce35c9e31c5e04a6"
        },
        "pipfile-spec": 6,
        "requires": {
            "python_version": "3.13"
        },
        "sources": [
            {
                "name": "pypi",
                "url": "https://pypi.org/simple",
                "verify_ssl": true
            }
        ]
    },
    "default": {},
    "develop": {}
}
